
Microsoft Visual Studio Solution File, Format Version 12.00
# Visual Studio 15
VisualStudioVersion = 15.0.26124.0
MinimumVisualStudioVersion = 15.0.26124.0
Project("{2150E333-8FDC-42A3-9474-1A3956D46DE8}") = "src", "src", "{417BF701-BD99-4579-80C7-688DD55E7AEC}"
EndProject
Project("{FAE04EC0-301F-11D3-BF4B-00C04F79EFBC}") = "NRawTherapee", "src\NRawTherapee\NRawTherapee.csproj", "{D267E292-40E2-43CF-AECD-08DD80E398A5}"
EndProject
Project("{2150E333-8FDC-42A3-9474-1A3956D46DE8}") = "test", "test", "{9F93C1BE-1365-4994-86DA-656798AC4416}"
EndProject
Project("{FAE04EC0-301F-11D3-BF4B-00C04F79EFBC}") = "NRawTherapee.Tests", "test\NRawTherapee.Tests\NRawTherapee.Tests.csproj", "{06F61939-8CB4-4E6C-8B78-8F5E38417F4D}"
EndProject
Global
	GlobalSection(SolutionConfigurationPlatforms) = preSolution
		Debug|Any CPU = Debug|Any CPU
		Debug|x64 = Debug|x64
		Debug|x86 = Debug|x86
		Release|Any CPU = Release|Any CPU
		Release|x64 = Release|x64
		Release|x86 = Release|x86
	EndGlobalSection
	GlobalSection(SolutionProperties) = preSolution
		HideSolutionNode = FALSE
	EndGlobalSection
	GlobalSection(ProjectConfigurationPlatforms) = postSolution
		{D267E292-40E2-43CF-AECD-08DD80E398A5}.Debug|Any CPU.ActiveCfg = Debug|Any CPU
		{D267E292-40E2-43CF-AECD-08DD80E398A5}.Debug|Any CPU.Build.0 = Debug|Any CPU
		{D267E292-40E2-43CF-AECD-08DD80E398A5}.Debug|x64.ActiveCfg = Debug|x64
		{D267E292-40E2-43CF-AECD-08DD80E398A5}.Debug|x64.Build.0 = Debug|x64
		{D267E292-40E2-43CF-AECD-08DD80E398A5}.Debug|x86.ActiveCfg = Debug|x86
		{D267E292-40E2-43CF-AECD-08DD80E398A5}.Debug|x86.Build.0 = Debug|x86
		{D267E292-40E2-43CF-AECD-08DD80E398A5}.Release|Any CPU.ActiveCfg = Release|Any CPU
		{D267E292-40E2-43CF-AECD-08DD80E398A5}.Release|Any CPU.Build.0 = Release|Any CPU
		{D267E292-40E2-43CF-AECD-08DD80E398A5}.Release|x64.ActiveCfg = Release|x64
		{D267E292-40E2-43CF-AECD-08DD80E398A5}.Release|x64.Build.0 = Release|x64
		{D267E292-40E2-43CF-AECD-08DD80E398A5}.Release|x86.ActiveCfg = Release|x86
		{D267E292-40E2-43CF-AECD-08DD80E398A5}.Release|x86.Build.0 = Release|x86
		{06F61939-8CB4-4E6C-8B78-8F5E38417F4D}.Debug|Any CPU.ActiveCfg = Debug|Any CPU
		{06F61939-8CB4-4E6C-8B78-8F5E38417F4D}.Debug|Any CPU.Build.0 = Debug|Any CPU
		{06F61939-8CB4-4E6C-8B78-8F5E38417F4D}.Debug|x64.ActiveCfg = Debug|x64
		{06F61939-8CB4-4E6C-8B78-8F5E38417F4D}.Debug|x64.Build.0 = Debug|x64
		{06F61939-8CB4-4E6C-8B78-8F5E38417F4D}.Debug|x86.ActiveCfg = Debug|x86
		{06F61939-8CB4-4E6C-8B78-8F5E38417F4D}.Debug|x86.Build.0 = Debug|x86
		{06F61939-8CB4-4E6C-8B78-8F5E38417F4D}.Release|Any CPU.ActiveCfg = Release|Any CPU
		{06F61939-8CB4-4E6C-8B78-8F5E38417F4D}.Release|Any CPU.Build.0 = Release|Any CPU
		{06F61939-8CB4-4E6C-8B78-8F5E38417F4D}.Release|x64.ActiveCfg = Release|x64
		{06F61939-8CB4-4E6C-8B78-8F5E38417F4D}.Release|x64.Build.0 = Release|x64
		{06F61939-8CB4-4E6C-8B78-8F5E38417F4D}.Release|x86.ActiveCfg = Release|x86
		{06F61939-8CB4-4E6C-8B78-8F5E38417F4D}.Release|x86.Build.0 = Release|x86
	EndGlobalSection
	GlobalSection(NestedProjects) = preSolution
		{D267E292-40E2-43CF-AECD-08DD80E398A5} = {417BF701-BD99-4579-80C7-688DD55E7AEC}
		{06F61939-8CB4-4E6C-8B78-8F5E38417F4D} = {9F93C1BE-1365-4994-86DA-656798AC4416}
	EndGlobalSection
EndGlobal
